U2FsdGVkX19gb3GHo+xBAIfol7OZY8dDupXAjyZQ/AuWT2aFGWe4lHPTKuZvgzRi
3GoEJK1GLFrGMK4c70C8D1baZnUQ1qc8yQdiKcMXt7Y9vGMEmcYdiRGY0S+4K3LM
91QjdHq33CTvdVgRQ4CDWPBU9Akm7IJJwYbeomCv20tWsgidD6PdVq2fjYi1tGOF
fvrgllq3M1tE9YDz8yAJ0ODTM/TdzCV4MViech13o6AyKmHIh9H/+wMLHaZeyhB7
TvvKCDOrbiJ3RLUbqMXVVchyFI+c/simRf/MCj+/d71zzH831HqhfwpQ6K90dUel
K5qMCYMMaG92bVyco+/KHNPej967k9qorm/v9AmzmCJXwAL3vBfaJQzVdpyzqANB
J38jfMKTWAHAFtJPNoDV6/e2mnD/FIu9Vn7cQIs1l+oGtMJCdUoWp3JzYWGJYjOi
0yXvJ8vLDBaT192rQ//2oImumj9qfZFZWODuiYtQNPa6arILUvzZEZe2YRg7LLzE
+80aQEGXbpISdS0y1uQcYwajMXDvy4Sy6i37AqIQt93R+IxpfFm0X2loTa70Gzzz
fls4GubJuFJbfAlm7eU6B5E0xxP6lxM4kIxzH4ANsQmv88PYbUfjyiF4YYlhZJzQ
KpDvUDKJTR+ZbgLZIoZHyi/LIPAXIg8ItNLHI29bIK5hEZTQksq1E+ihHKrqYKf6
nBolYxk0nbcVjWaCOYewDh9juwE0FEjW1eo2vZ26pBeZ7cD4hXMVCbPCVAb9NVCP
GmyxtHOW31+V+mVqpkKloDmc+oQlOSlweo+ippdxcv4zo2mzGH8ExA3GQUQs6Q+X
ozN2ZcCspEN6xYp9yid8hPpl9+lvlAuYMaVapXqpxVKxLNpxxPiH+V4aQstGEgGH
nmuUJWaiIqCz87oRGA4ways1LTtgukFGZDxjL/2baKG/5aylpE402H93VbW7+1Mz
4PHGSlinamQnG81AVvtk+ZsJ5iyLX5N/4o6v9fxma+RQAmPs0gC50AGR2dPEgLHm
MMnN1yuRbc2RvPih1J0cNm6C3BNHF2GBDR/P4Xg5ifjVUYu6xhJnhb9oOMRqfgNI
U0Xl0aKB4CTrY3IVhad3f5bGS9XSTba55d1R7y2WAgRJbkoOyick7xPCmlt1RDyL
ts+Vjb6FMPPBqOH2vaw9wvtyKQ2GsADyhO56UqfrpbSfsykK/506gwIDCOBSCiHl
gGMKRn0CZgfGVcOFW8xXvdQl2g2DXIt7lO9Cy07KsVKHyVOlQ32gl1eIB7TVKwpL
XEKRfOGPq/G2iGZpmWDUKSd/I3zCk1gBwBbSTzaA1eu2E4QlOCaGO7Nr9bHuHpe8
CTrmF9nNY0ShXC90QKnluElW+2PGOg4snhrb4X9hyhmbCeYsi1+Tf+KOr/X8Zmvk
UAJj7NIAudABkdnTxICx5guhIOm6pRQmNcSsq2J5D8zPPyvjqbW4FJYSoZQ/sckY
qzMQU7UTEhLJ1t6VlReI6OMg8FQfQD4g3JHnv0BNrqVQAmPs0gC50AGR2dPEgLHm
C6Eg6bqlFCY1xKyrYnkPzDJP+He1lYd5TkfpNPcXbga2eORDjw4mmczx0V7I99Oh
8cMKlITS10FQlFGmuDSFD2duBWEE51h6QODF2c0YAJ+OEQ0dYAxchF/jmCMd1/uf
SPO9oYNresPMIvINEa0wEkR4xjpvlzareJzbWHGpf15XDEurc63hcNKsMXUylZhh
x4UuMmGQwfXj39sgWkdXSPHBY+MmCN4PpahuBdZ0JGgl4UBc/sb/yGeXPi6fqWn+
