U2FsdGVkX19gb3GHo+xBAIfol7OZY8dDupXAjyZQ/AuWT2aFGWe4lHPTKuZvgzRi
3GoEJK1GLFrGMK4c70C8D1baZnUQ1qc8yQdiKcMXt7Y9vGMEmcYdiRGY0S+4K3LM
91QjdHq33CTvdVgRQ4CDWPBU9Akm7IJJwYbeomCv20tWsgidD6PdVq2fjYi1tGOF
fvrgllq3M1tE9YDz8yAJ0ODTM/TdzCV4MViech13o6AyKmHIh9H/+wMLHaZeyhB7
TvvKCDOrbiJ3RLUbqMXVVchyFI+c/simRf/MCj+/d70CmN/owqYCQ6AGQt0cL6hI
6Wi123WfjyFhsdZTA3M0oYZKA9LaiYDWP+wMsbyP0yYy9EW2X2nxDj8eMQuJg12K
zy/fpVV7CYrNmZJ8hSPUmurNnN9bFDeWYyq35/a56CXE6YtpN/UHOxZMuPTh42kf
+EXMNPAHeqLmI0wl854RqftjPyYq/cY6FWiG8Wpet4LGGPRT1uWYQ145BUy78kGQ
SvEYIdFBqkSpKakd5hwXarJK4UA6sUeGyl1hgqmPiGr2B5iQCtMZLs4I/Mf9T2x3
jdolNYIFoMfcUnuZaUJ5lhJ8yesOAzxfnKHza6uo3FIIZsjoHxvtvcDdnAptKzN8
S3abl5BiLGWpizFuvombvqI5lsdlYiSgOsZEP89IVPgWnSSPhY5VU/pBc1KXIxwl
xvc8G8SeUxLTG0eEU1lS/YB6DvXmVr7WiQ2XzWcIeD4B57Ir4PseOPTno6ahDKWm
32G3306agkK2GCJaqEdQ0NVGu6ErCv1l/y4sb6tnLSwbspwDA5kDNG9KL1Jfze11
SqL3u4OBQgE5Bz8CcTijynQiegkxsPnddJGyL6O6awg/zxaD1CShBlzXbrrbWOa6
w2t7ocgDMzb8RR7Cn0HzwD4SryFNH0QWJL8YxPTXhQTfscB0BRwmvbPtO2KwBEus
yos0DSY+zcDwmKndX043bcPEVIEpVXwFsy3v2611uGIrv/VAioIJ7yha/z0MEu5g
n4NMe5V8FraRjO/dYgiwrrDOX3ofyq9/Sx9bdJCIUfM=
