U2FsdGVkX19gb3GHo+xBAIfol7OZY8dDupXAjyZQ/AuWT2aFGWe4lHPTKuZvgzRi
3GoEJK1GLFrGMK4c70C8D1baZnUQ1qc8yQdiKcMXt7Y9vGMEmcYdiRGY0S+4K3LM
91QjdHq33CTvdVgRQ4CDWPBU9Akm7IJJwYbeomCv20tWsgidD6PdVq2fjYi1tGOF
fvrgllq3M1tE9YDz8yAJ0ODTM/TdzCV4MViech13o6AyKmHIh9H/+wMLHaZeyhB7
TvvKCDOrbiJ3RLUbqMXVVchyFI+c/simRf/MCj+/d73qOYbbnOHS++64g0JfmbX+
E5yznNWihzP1vyE/3UXm69ZxUfl6ZkxfPbPdEaXY/tEODuG0Iu3Xb6xSM9OC0HF8
B7hv/1427bkaUFUuZnfHKDyV/smbv9NtDWl8a4dmNmFJNkK+/dPU6PHnGteRGdU3
3SmHsYOkUtYuwTUd3Jwz8KwuOd61H8O2mgLra21/HhIuOm6R+amaUdKu5KgGg/X+
coGiEqMMJqrllITsQheAJgkFgQa73SwfJ6uFW2vVY1QeRioBRXT7iOynC9WJ0kuu
KG8UMBiSp7JqXRYYeAIz/pnY5l0dhVatFNb4v06hkwFYkV4cYsiMQkCv5Fug5220
67B9YJtPK9PIfwlxVJp0MungbUrdGUO2iUAlQO1YDhXLwgHcEyZMtY6SsMHdpl3s
GMHUlAJxYWcB9eWZdddGkgNS0Xo7Vg29BdrInVNAt6Tk1Vjjs1JlGZ7tfqDx4LvC
6jlt5oDZDrZ1/25I+po1AaKqyf8ZJuq6U+2ly8Bi/no9z7veudl4i/QyNe1Os3sF
CxeAiRNChfjn7W3tjSwPDHHBEVHKpm31vMYDT20ZIFlXIwm/Z5U8iES8siGxEjSn
C6RPhpLMaNtPBbrVay7mtwjF/cq2KpI5kQKeF1I5X5SARhnS8iRT9LVe2H30H5PX
Wti0OIzwn/OtFsNtQJtBKEvTwfh4Nj9uXPkX6ywxZMYD1C+XDhZoLJuPwgJkeqD1
xaz2+BZWy0kbMIGTQ/z/dECeiuUTcKYB/Rmv7djcqWx7u+mFp/f66RnuvHi73rSz
4HOEP6O1aecG4isvKhXiyEY6ghmPVPp6OUAxk5HAzMWrUJ7VoNx7q07uqA8cnTRL
nlyBZA5mEipsdaoVtMMcnaSA/nP/5yHsHhAI1wZ5uVbA+vKYVpEUJnfy65ongvau
44fe6/6iHExtWgeoANmd/AqaMvDzzijSaiEyhBrqLRuTfYY9bwYJgVyioWe3XK3t
91pnQRsyp8J1WftuH24d9Ae4b/9eNu25GlBVLmZ3xyhjMy/1z7wyWLqlQuYyK1Sa
BWezrPK2eNUdP3cv1suQNliRXhxiyIxCQK/kW6DnbbRL08H4eDY/blz5F+ssMWTG
A9Qvlw4WaCybj8ICZHqg9eopD4qF3Cs0IczJyy0mdVqNr6oCwm6ZhXZ2+B6KYlXv
hipFKzxWUjud0ac/weDa/UvTwfh4Nj9uXPkX6ywxZMYD1C+XDhZoLJuPwgJkeqD1
6ikPioXcKzQhzMnLLSZ1Wu4Hr5QgwTeUVia24v8CzgMWLKPu93fk7E0HPZ7aPgGv
MxhTF66bUw6PfQKNO2U2IFlAM2hggFd616iVmpXBoZ03ou5LlDoXseT3iokemaQi
9vQCOJo956Z1sQrNwjyaKs8vpmp+/z1yZbkudRxG2ayLf81w4N3ji5afUdUJZ7ts
93mrlKnOFbe+ViURHH/X45pEwhfjYD3sknaR8QJS108=
