U2FsdGVkX19gb3GHo+xBAIfol7OZY8dDupXAjyZQ/AuWT2aFGWe4lHPTKuZvgzRi
3GoEJK1GLFrGMK4c70C8D1baZnUQ1qc8yQdiKcMXt7Y9vGMEmcYdiRGY0S+4K3LM
91QjdHq33CTvdVgRQ4CDWPBU9Akm7IJJwYbeomCv20tWsgidD6PdVq2fjYi1tGOF
fvrgllq3M1tE9YDz8yAJ0ODTM/TdzCV4MViech13o6AyKmHIh9H/+wMLHaZeyhB7
TvvKCDOrbiJ3RLUbqMXVVchyFI+c/simRf/MCj+/d70CmN/owqYCQ6AGQt0cL6hI
6Wi123WfjyFhsdZTA3M0oYZKA9LaiYDWP+wMsbyP0yYy9EW2X2nxDj8eMQuJg12K
LWJPJJFVtQpyi73yDOoTJksm31x40+i8OdiFyJSa3oR8J0mC+89JsJ8sIURFBoe4
+EXMNPAHeqLmI0wl854RqftjPyYq/cY6FWiG8Wpet4LGGPRT1uWYQ145BUy78kGQ
SvEYIdFBqkSpKakd5hwXarJK4UA6sUeGyl1hgqmPiGr2B5iQCtMZLs4I/Mf9T2x3
2QSEpwYq3mibjZl7mFPzb9Wzw2dENGOl2LwXXc8Zd4CrePC2pci8SsiMdAMfMq27
N9S6TX+PDpt3yInqCD+xmm+BhmYF8WS6xRK0UP0em1hwXBAcFQW+UpDG5D44YpVh
w2t7ocgDMzb8RR7Cn0HzwHxsmkx2QtC++rZGlRU+h6qs7OPhtFChHzkgIUA6JLcm
FIu5qAj8u3OlkPwTLMkg+5im/mVe4F2l6nzKOkBpptQMmZB5S1ixZ31Red03yUcq
3gMvc2qEPQjYRJDkIXwUeX6zHhb3piW0XAXIkDHO7WeOFvOEfTSY5MTZdkBi+cu2
waeKy+Znw1TpNgyJ0Wm8aVcp4ij7mRFkMFm+FjjcCNJfs0TgSv6JPD0DnV+k7i9F
GErufkI5BgL6Q9KDf4NHpy/xCsVL/yE4ISAHUz9xXJ7DOgdVgynhisYWtDnMwcgg
zyTQqMFsWvi+Q2d7CAwtwTWpmNIcrFz8sqHdSe0wGKuMHopjptTkjViZWnJeFX67
fIYGjkKrqrcD8+TLe6E+48PEy5EtgJvCdi4HYIxy9oFyBPWQ+hW0gUQ8qUXq3Jk5
Y3PZDRl8HVTWeq1O6+ocjtVRi7rGEmeFv2g4xGp+A0iBE0R/k/u0+BjhIfN7OXN5
iY3zgmH4t4J8i5fAejTCYvZaNeFJu3ub5NiV34+esT/6Zffpb5QLmDGlWqV6qcVS
1nUVnSoszdX7v7FvKjMvvy1iTySRVbUKcou98gzqEyZLJt9ceNPovDnYhciUmt6E
P5O6ie4X2nz6i4VLL6acGapfGEe9LtGKMIlJK9YnIlLyNK2O/pFI1GakUn10VP8i
wzoHVYMp4YrGFrQ5zMHIIM8k0KjBbFr4vkNnewgMLcH08mkfYwd/uAhjYC6MLDxg
h8lTpUN9oJdXiAe01SsKS8AIINI1pErrWCrlE3GnN3rDOgdVgynhisYWtDnMwcgg
zyTQqMFsWvi+Q2d7CAwtwYHfebCkodnQjjsgiBU1QvpIf0cXV2n9H2AF7fOP8+GE
tJV3xHL64wKvQVNcHrazk8oh++92/g1RDEcqrxDtNYDYHMRzoFOeuuV4v/cY01FN
J+Eyx8KpVyB54iXeHa8FGk+XXAIDmCQtL0nFKGpwZ1wnDzQXZ5bSLb24xwyhkXYb
kuOydrhQwF1n/IzmkANz80fpUUDgYPDQFZwqGVdNvkk8YRg4OxLExztY/+086+L2
