U2FsdGVkX19gb3GHo+xBAIfol7OZY8dDupXAjyZQ/AuWT2aFGWe4lHPTKuZvgzRi
3GoEJK1GLFrGMK4c70C8D1baZnUQ1qc8yQdiKcMXt7Y9vGMEmcYdiRGY0S+4K3LM
91QjdHq33CTvdVgRQ4CDWPBU9Akm7IJJwYbeomCv20sjaZU5MBnyXK9eUX9FeCvF
fvrgllq3M1tE9YDz8yAJ0ODTM/TdzCV4MViech13o6BpCc7QskP9j4oaZdpLVWtF
CswpZpYHQcsSkomnLKMuguQtK7Qk5rzxmCUXYdL1iMnNPFQ361eYEeRC6nfOTmSM
IhZSm+9f1uTN5e1jrCIqtqXSIyyh5eGJ0RiOytdm5QnlVVJwUrWt4HXF7+aF4xPX
Sgcd4VC+xNvf9XDWJGLXro93Ard6uPOoOOXST5w3O+bRnEfAjV3aTd7JLqwECxBx
tfMi2yAuNhL2yHfrxZGQ4esj8RIU7BFYA68OoLnXJGC7L+iYnkPKUZSna4X47iqb
AtIRcivzjsibX8SyhxLUWVNTFV76Ym650fsF5HHp0FmJuVcGm1KVTpvf39yMj7AY
B6Z8MQd1pf+rwBLqZjmq4W6HusOkgnfOV7TdSkVwtBfpo45C+XwNajfn9dPOnsQ7
x4UuMmGQwfXj39sgWkdXSFDNMUJ3n/a6/7yERJ/oUAC/oblb03naSHNZyvvj0syd
cdP+c+Bxs5oIixmAtWC+yVWS/u0bZFMajgB1qqAcLztkUPk/q9x/wNXPUXoXxAIf
QRZVFFcxCdgk69LxFn1s3b0FWT88Cr1c0nohqXsJ1G4QDhKfAK3s7vzoexvCNqfd
Y42NJJV+xHTpRGE1mXDJUHjacXlR4VKVoFUf2+wpVrJiaKx43ZxN9QWT7rVGkD32
nVvf1BerHY/13VkSCWujjMBq/PJbTs0ciStFCSzY+AKVXiaiehXhQDi0qkRDglan
eNpxeVHhUpWgVR/b7ClWsmJorHjdnE31BZPutUaQPfb8BmYUstKHB1NMhCcKaDyk
0MqhZViPMXDFY7qcpOew8YfJU6VDfaCXV4gHtNUrCkskfGdDsX8bmkO95X6vmsTC
NlmcnYCgsQP+Q+jt+ZgB2zyd9ugwPEYOt1JnvYhk2J98JWZJ9+bBBFQMH/MXfCyq
RKVDCBMMMy1RUwI0OHzMMc3GHpnm5T3o9oTZ9XxvThP3eauUqc4Vt75WJREcf9fj
BjvFUflkWi55B5WKhAF9G/2cpF3zfS6Am6gIghjcewIKJ6jbndNPUSQs3TK647k6
tjojLKZhDW1zI1YcneKtmBvRAr7iWEjwrFaxWdtnWVphEZTQksq1E+ihHKrqYKf6
cDWFRd+wW4+kod+blz+6oQ==
