U2FsdGVkX19gb3GHo+xBAIfol7OZY8dDupXAjyZQ/AuWT2aFGWe4lHPTKuZvgzRi
3GoEJK1GLFrGMK4c70C8D1baZnUQ1qc8yQdiKcMXt7Y9vGMEmcYdiRGY0S+4K3LM
91QjdHq33CTvdVgRQ4CDWPBU9Akm7IJJwYbeomCv20tWsgidD6PdVq2fjYi1tGOF
fvrgllq3M1tE9YDz8yAJ0ODTM/TdzCV4MViech13o6AyKmHIh9H/+wMLHaZeyhB7
TvvKCDOrbiJ3RLUbqMXVVchyFI+c/simRf/MCj+/d72GTfrMqFebxWA/YsX1x+jl
syPtQyqCdXUHj9BA3PUwNj4WzGL7MZMQPzT7h8RuSKwsxGYa/J4Ap6SH+bp7QMo1
VyniKPuZEWQwWb4WONwI0ngwK3WJEaTtVrFayy5FN+NQxlynZXLB0f1Zd8IAiSaq
qURteQxH2ab0rjsirr5sKfHUUxvQBej4GcVq8NR+DYNd+zoe+y3HNloK+cmQcNmg
+7I3m+Wogc4rqcsRi0m3gK8BIqcGyf07zUX29UW8hNV19TU5qgCgT5y7Aio7b8kO
5bW5+28Dokh8y8p5XQOJgHBgpdRFrftygWVHbIPUWKUaolls02Uvg25sDqH8NUaT
4fgI/VEncVi0EV2RQmeebRBQUfzmX4GQy9JOxGUz8pt7qp0/G3poAaZz5DKg126B
NMijwlP7oWPZRpW+cbTLN/B5jVwqGI+pC8JvyOCXX4PJfqAOlQj8UNzcw5Y19yHo
DG/6ZvMR6IxE4DuuXWij0Df7ne2I6FnHuMfIm/3JxsXH/xUjrv0KM3Aw6UaRoSQE
lcVkxtIJYd74hza3mwTeHNpYvs5Pa2/W9JzUpAsVRcA+l2EB4gi4MjlaWzbKsFou
w8TLkS2Am8J2LgdgjHL2gXIE9ZD6FbSBRDypRercmTlF8dJu6mOwRXZX2/06MCQr
Z58dJrFhSg5e1YYK1rfFai1iTySRVbUKcou98gzqEyZLJt9ceNPovDnYhciUmt6E
3BrBDHCC+sy+IO1wlVfXMeEJjSPkGXAT/tMpQ3TyPZSWqXwxTZrei50w6LxsnACn
wzoHVYMp4YrGFrQ5zMHIIM8k0KjBbFr4vkNnewgMLcHsfFag8yWwZwp5ncqZ75LM
55bBapQsYLCo1iXdEkItnhT82qL2/mNMkXOYL4Abs9VU8IgT4LAC2/oRODTVUlQa
BJFVD/Pe7qQi8lNjZGF+oWe65pTiB06jnKrcT7dtYr+n8CCZoSBB4ijnXYnlNeVp
waeKy+Znw1TpNgyJ0Wm8aVcp4ij7mRFkMFm+FjjcCNJn02OFN6kiGtZvBWjQpd9F
9gdxeUecyFA43QVrrXZGqdZ1FZ0qLM3V+7+xbyozL78tYk8kkVW1CnKLvfIM6hMm
SybfXHjT6Lw52IXIlJrehOOgehpXSvoTjWEQjJGxegZbKn9tnNjbdMwBuFQ91tMs
PvFY8wfzdr+QP55ArpdvQS1iTySRVbUKcou98gzqEyZLJt9ceNPovDnYhciUmt6E
46B6GldK+hONYRCMkbF6BiF4XZ2UvTq3S+mmbokN8cxUxYbEtPbf5z5cKv68gNZ9
bLPbimI9REOCa/jjSzGyxusj8RIU7BFYA68OoLnXJGDr+8QTg95TeaCUeUX2LOvw
DwWJ17eS+gy7PpbeczZ1qnjp9Pp1B08+OyLa7PvfiNRrqlPXklZ+4nuZWDzzw7r/
+sLDF74vJcoLX6VKC244386AkFpJF11Zf+Lz2CNNkW4=
