U2FsdGVkX19gb3GHo+xBAFJSsCEuUgOEjpcEHOj8+lOjiFD1eH0IrMD8tIUMvdvF
QVXQvqoU4rgNY5z9iArGSSfAythii1/vI61q2hcwDPgw2Qx72sZrMjYMN7GvEwG2
cmN7pRXksO9L9qCFmQKqdmZbKEpBpB78pi1CG9aIP1Xo8artQoYvawZ+4VtkA4jt
I7Exxuo89JN+wvJtalAjWc9ZZ9YkXE97AV0Pj4q7Bz6HS/HI94e82KIcjCz5BXWL
omMPkbtbHxoMvaIoZemX4z/pymCcy1fMnsji+OvjuurN12vGvsxfQ2wwyxMs3lEA
7SOIVxXQZnSQHX9dk7K/DvgmTBjacDTcMFQKsnJpAe4NfqT/L0e89R2ckp4vP6rw
rc6/HRsZslBbJug8qS19HIbd0o6AKzLyfjBvJK2mgvUCcwgmi8JuNrXxPIzJPf7o
sSE37XS/A7INzm+BaI+tprMejlaG7L9pXvrUFs0kGCk8FCjxIF1O5wa44Rhl9oIW
ay55ClORE4UDDN5M22f/nISc9sY6L9vRvUGQMzNl34jnIjTDvIzLPMJNKp7pDHOi
KIwao0//wiwxzX7iITOsu3jiZhH8somTvxuDDUU9tLthZjQoGAW9pVnw5dvtEdc/
MKMlKw567Nn7PqrI8zxaf4vo7wHqrKr3UlGptCm3o4h+cbyopJuFJBQOVZbTEzFC
UeKzJW3Z8lIxeFnXZnnHkYrtp3U4fF2Jrc+CHMPYp+bqrfCioc9YZktoy5R7sxGQ
8/5aiqS6hRdZ65kpIZ96UxCTNrcmFQNrDHfUeZcQQ8RibeI+oX4Rlm2hs/qVyrQX
lUZ69dPr5+K6HmxXjZgZH6g/v7HEIcAVC9yka+tzTiadTlGltzvb2vISWptKFFbu
3tMoftWeGH2IMRfZB5TNT9uacHcZQzXAUFutUhNwE1xcRs8tezFczKtSR6DGcoOj
UM5tJ6Ur34ctOSKKGzL1J6xO3JjwjzzQ8DRHlHlM/RGMcziZ9m2dn/JynRl5RSoO
zdcq9em6DCySB7jOffpISmoq78kAPc1W2ANDyEP2pgVO01wUuYPppjnlXwwd7Sjf
HDcip5ja2PBLi9ezap1I5Z6ZNHZq26ld9G/vYtKMIWxzWuia5yg0KZSHDtu6+Xq1
E4O5Aa4K1ETBFfaPJ07SvNRmwa62Ak0gGN1VXAXVFmLMnxz/DtYz1i527dJPAWH2
FrleL451S/x5YGCZu6m9fMdrd/aZjrXL74KOlORcqlQyjo8Wdd3L7D7+IYZE11lg
sH/1mqrhzl07J6k3VAkTHDLMJ+qg2ZQJXMFYa4cwjqAgS5ASClO6yG03cv55Lvyt
9sf/2R6+BJ1cuPEyHpwLDxwHuHsxmYxsQ5Eznsc3NNEYsATVD6AttvBB/qUEQ/ic
NhyM//2k2fKsRQUXlfHTR+7UE7H+Ze5OqRIJq5Xco48dqDLsq1ZcaBKqekzcL6Jo
+SxRRFK+hJhnRJVjEvNzcGkeO/uvMYEU0osZckFRmY4ovJ9lQvlPfA5uHcxBnLnq
obP9eaUlO636PJIZQh8vUG2H5A/6QbsajUgRfLLB+GBYN33cZZzdUupdTHDY6+vo
5TDJ9pTjNW0BH5SfbjJJlSdmzGjQKsj56yLRyTsiCb4=
