U2FsdGVkX19gb3GHo+xBAIfol7OZY8dDupXAjyZQ/AuWT2aFGWe4lHPTKuZvgzRi
3GoEJK1GLFrGMK4c70C8D1baZnUQ1qc8yQdiKcMXt7Y9vGMEmcYdiRGY0S+4K3LM
91QjdHq33CTvdVgRQ4CDWPBU9Akm7IJJwYbeomCv20tWsgidD6PdVq2fjYi1tGOF
fvrgllq3M1tE9YDz8yAJ0ODTM/TdzCV4MViech13o6AyKmHIh9H/+wMLHaZeyhB7
TvvKCDOrbiJ3RLUbqMXVVchyFI+c/simRf/MCj+/d70CmN/owqYCQ6AGQt0cL6hI
8AV9eF+SFdNbN3CLYZOhhi+T87k4YPszIuPPd7pazg5DqOVBUaddtTlxxR8dQBs0
DjNCcGthnGCFXG6sfx9JjnukOw0CmPpe6bmY4nBRfnsheWza7coKL8QgxPqnJA56
ux4VAtHSDbUlAkFi2TF7/w+Qe3UjhbOmbmNbBVpjMp9LdpuXkGIsZamLMW6+iZu+
UTrJ2f5i+DQb/uUW1wGlD8RfxzvwoFWgD+dIMHJk64rAImrtf5h6mWH7m0fKFeSv
oeN/SmhDfY+ueObkNPTNAJr9jMpAIjQtc6ygKjMZ5EsNQwwt0AqlzZbv3nrMYJXC
Qs3v+evwCRiRcqnYnQPDNQZol5NVpdke2ADFiO0PpDe2061QEoNuzImffmlVZ0LU
yiH773b+DVEMRyqvEO01gBaMHpVzHjXvaucUO/nL+y0cvFgCaWV7DVEy/dIzrEbo
KTUNeptIiwF8kY4GNRZ9MK3U15SxKTjaNMtK0mgrOzlm1qJPBpEknnHHWyt1F/SN
ELMCG9EEdKgGFqZgQndCkUgkUIMmxpP6qIe5ZILEarfMpB+kiMaBL8JULOWKQ3od
+55W7LPAMCAUfuVrYCYaNQ4zQnBrYZxghVxurH8fSY7NicPuK4b9ChoggkIELgif
P4aVIwdS4Yssy5eS0/niS5CEK2eglVvpLmiw8VlkcgXRD0vWmywDjaR8/TyGkvRB
QAayqPjrv2FZ6fWqDDeZvluJSariYrH3pQbnEKypk3Pdzq+NjOAOezUOOFqSHq8+
qsm088X/7AEQgqnZZBA8GhEPB0So4R62JrHCeUjsfETo4vgWAOCoNnhY+1BDr0CT
GAQzlN0+o9x3O/w8MQbBBeb3SSftKDTBkJObykUHgtQ74datdu4l2D+aNr+24A1B
p0Ezll1MI2SgAPzHbS/xPfFpzre8AeGK0x3vqgs0iNw/64OOXxX1XK3DkCrzJeCV
wlD+S1dBjQR7SIeYI+76x/ueVuyzwDAgFH7la2AmGjUOM0Jwa2GcYIVcbqx/H0mO
1vNIvGM1YtLX7UlHwcdgact6hXaI3KIwVu/79S1Lbs9PNnrH20q4EWf11lx4CVFc
+55W7LPAMCAUfuVrYCYaNQ4zQnBrYZxghVxurH8fSY7W80i8YzVi0tftSUfBx2Bp
Cpoy8PPOKNJqITKEGuotG5N9hj1vBgmBXKKhZ7dcre074datdu4l2D+aNr+24A1B
p0Ezll1MI2SgAPzHbS/xPfFpzre8AeGK0x3vqgs0iNwFZ7Os8rZ41R0/dy/Wy5A2
WJFeHGLIjEJAr+RboOdttGERlNCSyrUT6KEcqupgp/qcGiVjGTSdtxWNZoI5h7AO
/doWFeT/c2PDJnrrkXPmwQvgeZP6EDaypW769hChlTvK1ln9DRjxECBVO1GTczd4
5MRjtjg1p+5XLYVtwv8n9/HDCpSE0tdBUJRRprg0hQ9f5aubAuz3oOAxm2UgEiW8
