U2FsdGVkX19gb3GHo+xBAFJSsCEuUgOEjpcEHOj8+lOjiFD1eH0IrMD8tIUMvdvF
I+mHUfzfHnKkfsVxyA74uMbvKqrAiLs7zSQ1FUWbcvRkx+rAbJ8yzoXuLMBss6wQ
fdk9RxrulYB5q64EPMAmEJ4GphCmJ3rDwuTkuypoOLslDFssPGy7xYiTnsf4FsUO
Q/kl+reDmaHz3wHEYSA3dkyalSXR5U06kGKdbJtDLeXGFofMc6Box5RDde51bG7Z
Uch1rdneHPCmGaafPCqGhZ1OUaW3O9va8hJam0oUVu6Mv10o6iimk5SKTEpY+oxX
fYVLgySsO89B+eBO67Iak0TIq81XUYDT8BR5lFyiomB1OeJzgycSEIlTWPrOOY+z
O8gINq4b35C6ZeK2WyXu7hqu31QIw8z9XfmK3LTHHGFlZJQbR2lF6sod/WyUql7R
HqMY8QdpZLAWO/ZMntxbS54LYK0XT3B7Wos5in50zEf8otcLTxzda5n0iUHGn/hj
i3S+jto3hEZAJcCTmbOkRTUeskzXEPwAofFf1a/PXnQ/l0SfK1DF/N77cpajVqMG
VW6KewBfqj81K64ysQ4GWV2MNqOPzwnjH8SLWG/u6zYjwMTANyFtx3RQdC4KBibR
50rJpwxicMP6CO/+IiSj4lr3L9azuSOWJ2S3wrgyI4s95klQz7BeNP+ki6FyVlUu
Gp/FBg9faPNUdTvu9JUm5eb3s5YVpRRK7ixlPjwZzclCQXrRlOerR/kxOYlkHXof
5Beoro2gGwWbvIyK5Zf8qpV7yHRf+o11jb31nZy5NjoHlvOsTI6pu5n/3DPhBP0i
Ct1D9BmVTv9EYWiJzxa/lT6ZuEBA90WkbBg3kH02anpEAlDVSMHa+9iySTveDu31
Eln/g0mqaGNGa9pfTvH/RVra+VWNSzDhMiMLWT5rWfnSaOu6t8jJBkvTxRxNDjLd
2Je5rfcfCCGR60AMA/vqTA9p9Xi/vrBZqMZw0tdzmWsUyS3ndcfNKdGi4p2f7mgy
aDou7RLeUYi4cHY42vCHhbucGBxCaQaAONs3e016c2gYpQe3/aUwsPn38iWbsSho
htNSfMsdqXgsr7IY8ZIF3a/Cp6FW60w++w4fnuRcv463EqXi2JUeQmMEgL149aaM
1uz0YG5C1He6Fgu9ZRyD5PDX13+XX3S59i3306uoBG7IKD4bBuGa35ZFv1kdzrB8
vDoGy5IL2neRtMl8xcKfscjHh+bAJzMeG70cn9ICF/TbMPOKHEJ+hHxoaeyB9QHc
YlijT+T+L9oAr/+ujjkbFDy2/cceduMjMMRYM2IhG2CueleNoeDcBtMnpckm4oS/
3q07C7LC9LRkhp0iOGg4SuVSvTlojP+R8ijJnQCBuLHutVWrlko4Ne7YvJ8b9LUC
BH+lpwbHq0yz+0q22IS2w+VbkA1BAwLr4Y+nlrFQJIDxh4Uhe+RE/RaqGEnzpQUJ
