U2FsdGVkX19gb3GHo+xBAIfol7OZY8dDupXAjyZQ/AuWT2aFGWe4lHPTKuZvgzRi
3GoEJK1GLFrGMK4c70C8D1baZnUQ1qc8yQdiKcMXt7Y9vGMEmcYdiRGY0S+4K3LM
91QjdHq33CTvdVgRQ4CDWPBU9Akm7IJJwYbeomCv20tWsgidD6PdVq2fjYi1tGOF
fvrgllq3M1tE9YDz8yAJ0ODTM/TdzCV4MViech13o6AyKmHIh9H/+wMLHaZeyhB7
TvvKCDOrbiJ3RLUbqMXVVchyFI+c/simRf/MCj+/d70CmN/owqYCQ6AGQt0cL6hI
6Wi123WfjyFhsdZTA3M0oYZKA9LaiYDWP+wMsbyP0yYy9EW2X2nxDj8eMQuJg12K
zy/fpVV7CYrNmZJ8hSPUmurNnN9bFDeWYyq35/a56CXE6YtpN/UHOxZMuPTh42kf
+EXMNPAHeqLmI0wl854RqftjPyYq/cY6FWiG8Wpet4LGGPRT1uWYQ145BUy78kGQ
SvEYIdFBqkSpKakd5hwXarJK4UA6sUeGyl1hgqmPiGr2B5iQCtMZLs4I/Mf9T2x3
2QSEpwYq3mibjZl7mFPzb9Wzw2dENGOl2LwXXc8Zd4CrePC2pci8SsiMdAMfMq27
N9S6TX+PDpt3yInqCD+xmm+BhmYF8WS6xRK0UP0em1hwXBAcFQW+UpDG5D44YpVh
w2t7ocgDMzb8RR7Cn0HzwHxsmkx2QtC++rZGlRU+h6qs7OPhtFChHzkgIUA6JLcm
FIu5qAj8u3OlkPwTLMkg+/9vhmj0hHzsPJckq9SKvvNbgGCKjrKC5VCKGp7N3jtJ
gxBt+lUGIr++GTBIdKnsL36zHhb3piW0XAXIkDHO7WeOFvOEfTSY5MTZdkBi+cu2
aURlb10dQlxhXNSbX4RNp3OESzp2CvHZ5IXJEUf/mLB8+vUeNE+pT3rKMaOFqIeu
GErufkI5BgL6Q9KDf4NHp5fKe8oBaEwkObPbXMwwanDQzPg1tH5+D8SMsu/F/85i
4fyLNurp/BaRRQrU1tplkjWpmNIcrFz8sqHdSe0wGKuMHopjptTkjViZWnJeFX67
KBXWQWuELJGCuHqSP9ZHLHm6nonnIyPA/xplyqrxqx1QPKJNYl9bC7BNNaBzMJ71
Y3PZDRl8HVTWeq1O6+ocjtVRi7rGEmeFv2g4xGp+A0hQLSGfzNWoXUZ4TokogaT1
2uDO0kuytua1qVR8qEEqgNXE5TD+peHryS/OFrXamRn6Zffpb5QLmDGlWqV6qcVS
1nUVnSoszdX7v7FvKjMvv88v36VVewmKzZmSfIUj1JrqzZzfWxQ3lmMqt+f2uegl
5Wz6afXfxHTn+B0mXZnWfapfGEe9LtGKMIlJK9YnIlJR9jgCJV/R1EBo82voj157
0Mz4NbR+fg/EjLLvxf/OYuH8izbq6fwWkUUK1NbaZZL08mkfYwd/uAhjYC6MLDxg
h8lTpUN9oJdXiAe01SsKS0QUytLoevE4Y575XFhY/OfQzPg1tH5+D8SMsu/F/85i
4fyLNurp/BaRRQrU1tplkoHfebCkodnQjjsgiBU1QvpIf0cXV2n9H2AF7fOP8+GE
tJV3xHL64wKvQVNcHrazk8oh++92/g1RDEcqrxDtNYDYHMRzoFOeuuV4v/cY01FN
J+Eyx8KpVyB54iXeHa8FGk+XXAIDmCQtL0nFKGpwZ1wnDzQXZ5bSLb24xwyhkXYb
kuOydrhQwF1n/IzmkANz80fpUUDgYPDQFZwqGVdNvkk8YRg4OxLExztY/+086+L2
