U2FsdGVkX19gb3GHo+xBAIfol7OZY8dDupXAjyZQ/AuWT2aFGWe4lHPTKuZvgzRi
3GoEJK1GLFrGMK4c70C8D1baZnUQ1qc8yQdiKcMXt7Y9vGMEmcYdiRGY0S+4K3LM
91QjdHq33CTvdVgRQ4CDWPBU9Akm7IJJwYbeomCv20tWsgidD6PdVq2fjYi1tGOF
fvrgllq3M1tE9YDz8yAJ0ODTM/TdzCV4MViech13o6AyKmHIh9H/+wMLHaZeyhB7
TvvKCDOrbiJ3RLUbqMXVVchyFI+c/simRf/MCj+/d70C+CR+73mfeQYep4L6PQ5p
0If4vqlcIzDrwPHOcTN86HeVsdR+HFkAZq+1De5oQBA9VPe4muBIXHPabb4WK1z9
Op3M+nPabbx0qipJEa5idW8fbrAPI90Pz/7z3rqExogrZmjLdLn23KO9vpx1zrur
pWHIXWJIg/URC4eXIu+7fawzgQhanWFhg2nj3FXRBV89sbCNS8thhh0qI799dqiS
5NVY47NSZRme7X6g8eC7wnu2bojV7T7KiEGuwL7g5JchDWoZoZakDlXNZs+AKhjv
RpuGAoMiq8LonfUkdRiD/9dTxLDfRwn1gLIbs22PmX9e27xbtepIgly8kFEsBcSn
/rwMacvnjMtCdCTS7Tvt+CCirai+swKJuMsIMDaqq/L3uE2abQR0wlmopUgMaW68
erm6pVdAoPNRZt+0kvmu81OQaeFFFaOg5OUc7z+Cb9t720oHfXa2RUz6F6DGo3w2
FycLnaYaDf9Z82InslcBcvtVzvDYsynnl3WpmXNLwvfxUJNDbmeZk4lKBuyE2wcr
i9X0OwXjJImjRVPJJTlugTyD9wukoBDrDiyg3dBXKTG7N8u7s18qXyupNYNh4KSG
Xe/OnBeCLyctqpnDpgU0UMb3PBvEnlMS0xtHhFNZUv2Aeg715la+1okNl81nCHg+
F8+xpi2Z7BkvayikgSo3tXlM+f/DE0enHurXAqvb1aDYdpR58H/+562sDjZrca3a
YX4FsDOkUSYe9woPqI61f2OnJI3Nou3bSeeLzG30fwLzEO6gcej/h2IBVMNSkST5
rLxhNz6pi016U7GPLzgo0/u3LOe8CFOv4oQOvgVQkeSzoF1wj6E+UKT1bWJDvWxO
rJ/WfNq1p5J4dcAgjs3zOpCEK2eglVvpLmiw8VlkcgV0agqEk3Gtweudd0yve3hf
PyVopc65nNxFyiusUmwJQwtKTMj4l2gghB1muAI8P8ubnpp6dA5r7lubEqMSN2pD
WJFeHGLIjEJAr+RboOdttPQ6Vf1KappJcITg+HPPaURvH26wDyPdD8/+8966hMaI
LE0ieJu0oZX/dDbVe3WSAXkFZJRxptMXBf9YQyW3AELJ5T2R4iwTEY5dclaXlfz4
2HaUefB//uetrA42a3Gt2mF+BbAzpFEmHvcKD6iOtX/SehHk/i36NQUZiG5k8wMo
zO1QYvd5eD7qIYJA7o8hNADY6yU96rPkCD+dDIo55VvYdpR58H/+562sDjZrca3a
YX4FsDOkUSYe9woPqI61f9J6EeT+Lfo1BRmIbmTzAyghjV8SOfQTAekjY4FcWjfM
4TdC75HIKkUFklVLo3zPv3uqnT8bemgBpnPkMqDXboGMELhflAo1EomtlUdTXSe5
6AT94JBC5msylG4ud7xWNkqxIBWtf48OlGwqdA2libZKgzlrdzE2gm+GFAYCWlR5
S+GOTYSqRvNa6M1a8PLR5JSJM2+TFrBZY6BCAC9DbBxKvhgnri+7uBQ+AsNFWcq3
