U2FsdGVkX19gb3GHo+xBAFJSsCEuUgOEjpcEHOj8+lOjiFD1eH0IrMD8tIUMvdvF
I+mHUfzfHnKkfsVxyA74uMbvKqrAiLs7zSQ1FUWbcvRkx+rAbJ8yzoXuLMBss6wQ
fdk9RxrulYB5q64EPMAmEJ4GphCmJ3rDwuTkuypoOLslDFssPGy7xYiTnsf4FsUO
Q/kl+reDmaHz3wHEYSA3dkyalSXR5U06kGKdbJtDLeXGFofMc6Box5RDde51bG7Z
Uch1rdneHPCmGaafPCqGhZ1OUaW3O9va8hJam0oUVu6Mv10o6iimk5SKTEpY+oxX
fYVLgySsO89B+eBO67Iak0TIq81XUYDT8BR5lFyiomB1OeJzgycSEIlTWPrOOY+z
O8gINq4b35C6ZeK2WyXu7hqu31QIw8z9XfmK3LTHHGFlZJQbR2lF6sod/WyUql7R
HqMY8QdpZLAWO/ZMntxbS54LYK0XT3B7Wos5in50zEf8otcLTxzda5n0iUHGn/hj
i3S+jto3hEZAJcCTmbOkRTUeskzXEPwAofFf1a/PXnQ/l0SfK1DF/N77cpajVqMG
VW6KewBfqj81K64ysQ4GWV2MNqOPzwnjH8SLWG/u6zYjwMTANyFtx3RQdC4KBibR
50rJpwxicMP6CO/+IiSj4lr3L9azuSOWJ2S3wrgyI4s95klQz7BeNP+ki6FyVlUu
Gp/FBg9faPNUdTvu9JUm5eb3s5YVpRRK7ixlPjwZzclCQXrRlOerR/kxOYlkHXof
5Beoro2gGwWbvIyK5Zf8qpV7yHRf+o11jb31nZy5NjoHlvOsTI6pu5n/3DPhBP0i
Ct1D9BmVTv9EYWiJzxa/lT6ZuEBA90WkbBg3kH02anpEAlDVSMHa+9iySTveDu31
Eln/g0mqaGNGa9pfTvH/RVra+VWNSzDhMiMLWT5rWfnSaOu6t8jJBkvTxRxNDjLd
2Je5rfcfCCGR60AMA/vqTA9p9Xi/vrBZqMZw0tdzmWsUyS3ndcfNKdGi4p2f7mgy
aDou7RLeUYi4cHY42vCHhbucGBxCaQaAONs3e016c2gYpQe3/aUwsPn38iWbsSho
htNSfMsdqXgsr7IY8ZIF3a/Cp6FW60w++w4fnuRcv463EqXi2JUeQmMEgL149aaM
2vxzusjLuYRPUO/LqxKUSxbDnIQ2EnsejeJtKhGshdLln+JhsPKTPCjNQDtpI0It
GmBcfNPq2DMLd8nu+nOwp+6tuX+gHQh/l0u7cKxJVMkPmtUt/Z3aV/F/EDj+1mp3
jW8hgYs8utsZdrYIybdDmV+pbsBGsbFb9qox4ha8w+ElutZ4d8Z1+IDU9ZpInMYo
Y+bKGKwWgG1eI/+Mo3+0jGz96jR9nzTkdHuupIOVQ7yolQBlHGMNj6SJmrNGWXwn
AOgqiOiWSJT3aHXaJ7F0reNMmD6lTL7/KPHrjI03SbdAlett5oxOb/ZuWqWqRFZH
gsnkGS6ySs8g7rU6c2GxxXhS1x7dMkYwVEYG87bY68mx+TyOkAkeI/dT9nmM0FJp
gsfqEPqi6d0qFAKw2z+5OYCdQxSRoEGWbuzqrA360auRKrb1BkUT+sw8AVHQVVdy
